
Microsoft Visual Studio Solution File, Format Version 12.00
# Visual Studio Version 16
VisualStudioVersion = 16.0.31105.61
MinimumVisualStudioVersion = 10.0.40219.1
Project("{FAE04EC0-301F-11D3-BF4B-00C04F79EFBC}") = "Xamapi.Android", "Xamapi\Xamapi.Android\Xamapi.Android.csproj", "{1C7F5B7F-82CB-4C42-B824-645428F3BBB4}"
EndProject
Project("{FAE04EC0-301F-11D3-BF4B-00C04F79EFBC}") = "Xamapi.iOS", "Xamapi\Xamapi.iOS\Xamapi.iOS.csproj", "{51CFB9F8-EFF8-4843-966D-BF973E8E2AD7}"
EndProject
Project("{9A19103F-16F7-4668-BE54-9A1E7A4F7556}") = "Xamapi", "Xamapi\Xamapi\Xamapi.csproj", "{730239BD-E8F8-4FD6-9779-7923FFCFC572}"
EndProject
Global
	GlobalSection(SolutionConfigurationPlatforms) = preSolution
		Debug|Any CPU = Debug|Any CPU
		Debug|iPhone = Debug|iPhone
		Debug|iPhoneSimulator = Debug|iPhoneSimulator
		Release|Any CPU = Release|Any CPU
		Release|iPhone = Release|iPhone
		Release|iPhoneSimulator = Release|iPhoneSimulator
	EndGlobalSection
	GlobalSection(ProjectConfigurationPlatforms) = postSolution
		{1C7F5B7F-82CB-4C42-B824-645428F3BBB4}.Debug|Any CPU.ActiveCfg = Debug|Any CPU
		{1C7F5B7F-82CB-4C42-B824-645428F3BBB4}.Debug|Any CPU.Build.0 = Debug|Any CPU
		{1C7F5B7F-82CB-4C42-B824-645428F3BBB4}.Debug|Any CPU.Deploy.0 = Debug|Any CPU
		{1C7F5B7F-82CB-4C42-B824-645428F3BBB4}.Debug|iPhone.ActiveCfg = Debug|Any CPU
		{1C7F5B7F-82CB-4C42-B824-645428F3BBB4}.Debug|iPhone.Build.0 = Debug|Any CPU
		{1C7F5B7F-82CB-4C42-B824-645428F3BBB4}.Debug|iPhone.Deploy.0 = Debug|Any CPU
		{1C7F5B7F-82CB-4C42-B824-645428F3BBB4}.Debug|iPhoneSimulator.ActiveCfg = Debug|Any CPU
		{1C7F5B7F-82CB-4C42-B824-645428F3BBB4}.Debug|iPhoneSimulator.Build.0 = Debug|Any CPU
		{1C7F5B7F-82CB-4C42-B824-645428F3BBB4}.Debug|iPhoneSimulator.Deploy.0 = Debug|Any CPU
		{1C7F5B7F-82CB-4C42-B824-645428F3BBB4}.Release|Any CPU.ActiveCfg = Release|Any CPU
		{1C7F5B7F-82CB-4C42-B824-645428F3BBB4}.Release|Any CPU.Build.0 = Release|Any CPU
		{1C7F5B7F-82CB-4C42-B824-645428F3BBB4}.Release|Any CPU.Deploy.0 = Release|Any CPU
		{1C7F5B7F-82CB-4C42-B824-645428F3BBB4}.Release|iPhone.ActiveCfg = Release|Any CPU
		{1C7F5B7F-82CB-4C42-B824-645428F3BBB4}.Release|iPhone.Build.0 = Release|Any CPU
		{1C7F5B7F-82CB-4C42-B824-645428F3BBB4}.Release|iPhone.Deploy.0 = Release|Any CPU
		{1C7F5B7F-82CB-4C42-B824-645428F3BBB4}.Release|iPhoneSimulator.ActiveCfg = Release|Any CPU
		{1C7F5B7F-82CB-4C42-B824-645428F3BBB4}.Release|iPhoneSimulator.Build.0 = Release|Any CPU
		{1C7F5B7F-82CB-4C42-B824-645428F3BBB4}.Release|iPhoneSimulator.Deploy.0 = Release|Any CPU
		{51CFB9F8-EFF8-4843-966D-BF973E8E2AD7}.Debug|Any CPU.ActiveCfg = Debug|iPhone
		{51CFB9F8-EFF8-4843-966D-BF973E8E2AD7}.Debug|Any CPU.Build.0 = Debug|iPhone
		{51CFB9F8-EFF8-4843-966D-BF973E8E2AD7}.Debug|Any CPU.Deploy.0 = Debug|iPhone
		{51CFB9F8-EFF8-4843-966D-BF973E8E2AD7}.Debug|iPhone.ActiveCfg = Debug|iPhone
		{51CFB9F8-EFF8-4843-966D-BF973E8E2AD7}.Debug|iPhone.Build.0 = Debug|iPhone
		{51CFB9F8-EFF8-4843-966D-BF973E8E2AD7}.Debug|iPhone.Deploy.0 = Debug|iPhone
		{51CFB9F8-EFF8-4843-966D-BF973E8E2AD7}.Debug|iPhoneSimulator.ActiveCfg = Debug|iPhoneSimulator
		{51CFB9F8-EFF8-4843-966D-BF973E8E2AD7}.Debug|iPhoneSimulator.Build.0 = Debug|iPhoneSimulator
		{51CFB9F8-EFF8-4843-966D-BF973E8E2AD7}.Debug|iPhoneSimulator.Deploy.0 = Debug|iPhoneSimulator
		{51CFB9F8-EFF8-4843-966D-BF973E8E2AD7}.Release|Any CPU.ActiveCfg = Release|iPhoneSimulator
		{51CFB9F8-EFF8-4843-966D-BF973E8E2AD7}.Release|Any CPU.Build.0 = Release|iPhoneSimulator
		{51CFB9F8-EFF8-4843-966D-BF973E8E2AD7}.Release|Any CPU.Deploy.0 = Release|iPhoneSimulator
		{51CFB9F8-EFF8-4843-966D-BF973E8E2AD7}.Release|iPhone.ActiveCfg = Release|iPhone
		{51CFB9F8-EFF8-4843-966D-BF973E8E2AD7}.Release|iPhone.Build.0 = Release|iPhone
		{51CFB9F8-EFF8-4843-966D-BF973E8E2AD7}.Release|iPhone.Deploy.0 = Release|iPhone
		{51CFB9F8-EFF8-4843-966D-BF973E8E2AD7}.Release|iPhoneSimulator.ActiveCfg = Release|iPhoneSimulator
		{51CFB9F8-EFF8-4843-966D-BF973E8E2AD7}.Release|iPhoneSimulator.Build.0 = Release|iPhoneSimulator
		{51CFB9F8-EFF8-4843-966D-BF973E8E2AD7}.Release|iPhoneSimulator.Deploy.0 = Release|iPhoneSimulator
		{730239BD-E8F8-4FD6-9779-7923FFCFC572}.Debug|Any CPU.ActiveCfg = Debug|Any CPU
		{730239BD-E8F8-4FD6-9779-7923FFCFC572}.Debug|Any CPU.Build.0 = Debug|Any CPU
		{730239BD-E8F8-4FD6-9779-7923FFCFC572}.Debug|Any CPU.Deploy.0 = Debug|Any CPU
		{730239BD-E8F8-4FD6-9779-7923FFCFC572}.Debug|iPhone.ActiveCfg = Debug|Any CPU
		{730239BD-E8F8-4FD6-9779-7923FFCFC572}.Debug|iPhone.Build.0 = Debug|Any CPU
		{730239BD-E8F8-4FD6-9779-7923FFCFC572}.Debug|iPhone.Deploy.0 = Debug|Any CPU
		{730239BD-E8F8-4FD6-9779-7923FFCFC572}.Debug|iPhoneSimulator.ActiveCfg = Debug|Any CPU
		{730239BD-E8F8-4FD6-9779-7923FFCFC572}.Debug|iPhoneSimulator.Build.0 = Debug|Any CPU
		{730239BD-E8F8-4FD6-9779-7923FFCFC572}.Debug|iPhoneSimulator.Deploy.0 = Debug|Any CPU
		{730239BD-E8F8-4FD6-9779-7923FFCFC572}.Release|Any CPU.ActiveCfg = Release|Any CPU
		{730239BD-E8F8-4FD6-9779-7923FFCFC572}.Release|Any CPU.Build.0 = Release|Any CPU
		{730239BD-E8F8-4FD6-9779-7923FFCFC572}.Release|Any CPU.Deploy.0 = Release|Any CPU
		{730239BD-E8F8-4FD6-9779-7923FFCFC572}.Release|iPhone.ActiveCfg = Release|Any CPU
		{730239BD-E8F8-4FD6-9779-7923FFCFC572}.Release|iPhone.Build.0 = Release|Any CPU
		{730239BD-E8F8-4FD6-9779-7923FFCFC572}.Release|iPhone.Deploy.0 = Release|Any CPU
		{730239BD-E8F8-4FD6-9779-7923FFCFC572}.Release|iPhoneSimulator.ActiveCfg = Release|Any CPU
		{730239BD-E8F8-4FD6-9779-7923FFCFC572}.Release|iPhoneSimulator.Build.0 = Release|Any CPU
		{730239BD-E8F8-4FD6-9779-7923FFCFC572}.Release|iPhoneSimulator.Deploy.0 = Release|Any CPU
	EndGlobalSection
	GlobalSection(SolutionProperties) = preSolution
		HideSolutionNode = FALSE
	EndGlobalSection
	GlobalSection(ExtensibilityGlobals) = postSolution
		SolutionGuid = {51A53C0C-9D4E-4414-9F7E-EE184DF38CA8}
	EndGlobalSection
EndGlobal
